
Microsoft Visual Studio Solution File, Format Version 11.00
# Visual Studio 2010
Project("{FAE04EC0-301F-11D3-BF4B-00C04F79EFBC}") = "CreditManageSystemPro", "CreditManageSystemPro\CreditManageSystemPro.csproj", "{1D13284C-1B3B-401C-9997-03B1F7ED8CD6}"
EndProject
Project("{FAE04EC0-301F-11D3-BF4B-00C04F79EFBC}") = "CreditManageSystemPro.Admin", "CreditManageSystemPro.Admin\CreditManageSystemPro.Admin.csproj", "{4367C48C-9D36-409B-9309-C694005B7279}"
EndProject
Global
	GlobalSection(SolutionConfigurationPlatforms) = preSolution
		Debug|Any CPU = Debug|Any CPU
		Release|Any CPU = Release|Any CPU
	EndGlobalSection
	GlobalSection(ProjectConfigurationPlatforms) = postSolution
		{1D13284C-1B3B-401C-9997-03B1F7ED8CD6}.Debug|Any CPU.ActiveCfg = Debug|Any CPU
		{1D13284C-1B3B-401C-9997-03B1F7ED8CD6}.Debug|Any CPU.Build.0 = Debug|Any CPU
		{1D13284C-1B3B-401C-9997-03B1F7ED8CD6}.Release|Any CPU.ActiveCfg = Release|Any CPU
		{1D13284C-1B3B-401C-9997-03B1F7ED8CD6}.Release|Any CPU.Build.0 = Release|Any CPU
		{4367C48C-9D36-409B-9309-C694005B7279}.Debug|Any CPU.ActiveCfg = Debug|Any CPU
		{4367C48C-9D36-409B-9309-C694005B7279}.Debug|Any CPU.Build.0 = Debug|Any CPU
		{4367C48C-9D36-409B-9309-C694005B7279}.Release|Any CPU.ActiveCfg = Release|Any CPU
		{4367C48C-9D36-409B-9309-C694005B7279}.Release|Any CPU.Build.0 = Release|Any CPU
	EndGlobalSection
	GlobalSection(SolutionProperties) = preSolution
		HideSolutionNode = FALSE
	EndGlobalSection
EndGlobal
